{
  "nodes": {
    "devkitNix": {
      "inputs": {
        "flake-utils": "flake-utils",
        "nixpkgs": "nixpkgs"
      },
      "locked": {
        "lastModified": 1731803694,
        "narHash": "sha256-WfYXkVaJzqnuP3S7AF3O+Ee6Mrwf3bvrMAW8sZ3YTPQ=",
        "owner": "ihaveamac",
        "repo": "devkitNix",
        "rev": "2be1d71b669d36dd94c8ade93704069819f393a8",
        "type": "github"
      },
      "original": {
        "owner": "ihaveamac",
        "repo": "devkitNix",
        "type": "github"
      }
    },
    "flake-utils": {
      "locked": {
        "lastModified": 1667395993,
        "narHash": "sha256-nuEHfE/LcWyuSWnS8t12N1wc105Qtau+/OdUAjtQ0rA=",
        "owner": "numtide",
        "repo": "flake-utils",
        "rev": "5aed5285a952e0b949eb3ba02c12fa4fcfef535f",
        "type": "github"
      },
      "original": {
        "owner": "numtide",
        "repo": "flake-utils",
        "type": "github"
      }
    },
    "nixpkgs": {
      "locked": {
        "lastModified": 1671877799,
        "narHash": "sha256-jjC0NtPOT4huSwyichdrKHVCjuGr1al7Wu6PcHo5XZs=",
        "owner": "NixOS",
        "repo": "nixpkgs",
        "rev": "8351f271f85dae1ee28269028acde661e60394dd",
        "type": "github"
      },
      "original": {
        "owner": "NixOS",
        "ref": "nixpkgs-unstable",
        "repo": "nixpkgs",
        "type": "github"
      }
    },
    "nixpkgs_2": {
      "locked": {
        "lastModified": 1731890469,
        "narHash": "sha256-D1FNZ70NmQEwNxpSSdTXCSklBH1z2isPR84J6DQrJGs=",
        "owner": "NixOS",
        "repo": "nixpkgs",
        "rev": "5083ec887760adfe12af64830a66807423a859a7",
        "type": "github"
      },
      "original": {
        "owner": "NixOS",
        "ref": "nixpkgs-unstable",
        "repo": "nixpkgs",
        "type": "github"
      }
    },
    "root": {
      "inputs": {
        "devkitNix": "devkitNix",
        "nixpkgs": "nixpkgs_2"
      }
    }
  },
  "root": "root",
  "version": 7
}
